# This file is automatically @generated by Cargo.
# It is not intended for manual editing.
version = 4

[[package]]
name = "dbuilder-geometry"
version = "0.1.0"

[[package]]
name = "dbuilder-io"
version = "0.1.0"

[[package]]
name = "dbuilder-map"
version = "0.1.0"
dependencies = [
 "dbuilder-geometry",
 "dbuilder-io",
]

[[patch.unused]]
name = "creusot-std"
version = "0.12.0-dev"
